
Microsoft Visual Studio Solution File, Format Version 12.00
# Visual Studio 14
VisualStudioVersion = 14.0.24720.0
MinimumVisualStudioVersion = 10.0.40219.1
Project("{B1E792BE-AA5F-4E3C-8C82-674BF9C0715B}") = "tclib_ph", "tclib\tclib_ph.tsproj", "{D302AA27-887C-491F-A43D-C1CADB51748D}"
EndProject
Global
	GlobalSection(SolutionConfigurationPlatforms) = preSolution
		Debug|TwinCAT CE7 (ARMV7) = Debug|TwinCAT CE7 (ARMV7)
		Debug|TwinCAT RT (x64) = Debug|TwinCAT RT (x64)
		Debug|TwinCAT RT (x86) = Debug|TwinCAT RT (x86)
		Release|TwinCAT CE7 (ARMV7) = Release|TwinCAT CE7 (ARMV7)
		Release|TwinCAT RT (x64) = Release|TwinCAT RT (x64)
		Release|TwinCAT RT (x86) = Release|TwinCAT RT (x86)
	EndGlobalSection
	GlobalSection(ProjectConfigurationPlatforms) = postSolution
		{D302AA27-887C-491F-A43D-C1CADB51748D}.Debug|TwinCAT CE7 (ARMV7).ActiveCfg = Debug|TwinCAT CE7 (ARMV7)
		{D302AA27-887C-491F-A43D-C1CADB51748D}.Debug|TwinCAT CE7 (ARMV7).Build.0 = Debug|TwinCAT CE7 (ARMV7)
		{D302AA27-887C-491F-A43D-C1CADB51748D}.Debug|TwinCAT RT (x64).ActiveCfg = Debug|TwinCAT RT (x64)
		{D302AA27-887C-491F-A43D-C1CADB51748D}.Debug|TwinCAT RT (x64).Build.0 = Debug|TwinCAT RT (x64)
		{D302AA27-887C-491F-A43D-C1CADB51748D}.Debug|TwinCAT RT (x86).ActiveCfg = Debug|TwinCAT RT (x86)
		{D302AA27-887C-491F-A43D-C1CADB51748D}.Debug|TwinCAT RT (x86).Build.0 = Debug|TwinCAT RT (x86)
		{D302AA27-887C-491F-A43D-C1CADB51748D}.Release|TwinCAT CE7 (ARMV7).ActiveCfg = Release|TwinCAT CE7 (ARMV7)
		{D302AA27-887C-491F-A43D-C1CADB51748D}.Release|TwinCAT CE7 (ARMV7).Build.0 = Release|TwinCAT CE7 (ARMV7)
		{D302AA27-887C-491F-A43D-C1CADB51748D}.Release|TwinCAT RT (x64).ActiveCfg = Release|TwinCAT RT (x64)
		{D302AA27-887C-491F-A43D-C1CADB51748D}.Release|TwinCAT RT (x64).Build.0 = Release|TwinCAT RT (x64)
		{D302AA27-887C-491F-A43D-C1CADB51748D}.Release|TwinCAT RT (x86).ActiveCfg = Release|TwinCAT RT (x86)
		{D302AA27-887C-491F-A43D-C1CADB51748D}.Release|TwinCAT RT (x86).Build.0 = Release|TwinCAT RT (x86)
		{AE20AE6C-1500-42C9-941B-DD15F2CC0ED3}.Debug|TwinCAT CE7 (ARMV7).ActiveCfg = Debug|TwinCAT CE7 (ARMV7)
		{AE20AE6C-1500-42C9-941B-DD15F2CC0ED3}.Debug|TwinCAT RT (x64).ActiveCfg = Debug|TwinCAT RT (x64)
		{AE20AE6C-1500-42C9-941B-DD15F2CC0ED3}.Debug|TwinCAT RT (x86).ActiveCfg = Debug|TwinCAT RT (x86)
		{AE20AE6C-1500-42C9-941B-DD15F2CC0ED3}.Debug|TwinCAT RT (x86).Build.0 = Debug|TwinCAT RT (x86)
		{AE20AE6C-1500-42C9-941B-DD15F2CC0ED3}.Release|TwinCAT CE7 (ARMV7).ActiveCfg = Release|TwinCAT CE7 (ARMV7)
		{AE20AE6C-1500-42C9-941B-DD15F2CC0ED3}.Release|TwinCAT CE7 (ARMV7).Build.0 = Release|TwinCAT CE7 (ARMV7)
		{AE20AE6C-1500-42C9-941B-DD15F2CC0ED3}.Release|TwinCAT RT (x64).ActiveCfg = Release|TwinCAT RT (x64)
		{AE20AE6C-1500-42C9-941B-DD15F2CC0ED3}.Release|TwinCAT RT (x64).Build.0 = Release|TwinCAT RT (x64)
		{AE20AE6C-1500-42C9-941B-DD15F2CC0ED3}.Release|TwinCAT RT (x86).ActiveCfg = Release|TwinCAT RT (x86)
		{AE20AE6C-1500-42C9-941B-DD15F2CC0ED3}.Release|TwinCAT RT (x86).Build.0 = Release|TwinCAT RT (x86)
		{D92EEE0A-632D-4776-B828-73723D37F010}.Debug|TwinCAT CE7 (ARMV7).ActiveCfg = Debug|TwinCAT CE7 (ARMV7)
		{D92EEE0A-632D-4776-B828-73723D37F010}.Debug|TwinCAT RT (x64).ActiveCfg = Debug|TwinCAT RT (x64)
		{D92EEE0A-632D-4776-B828-73723D37F010}.Debug|TwinCAT RT (x86).ActiveCfg = Debug|TwinCAT RT (x86)
		{D92EEE0A-632D-4776-B828-73723D37F010}.Debug|TwinCAT RT (x86).Build.0 = Debug|TwinCAT RT (x86)
		{D92EEE0A-632D-4776-B828-73723D37F010}.Release|TwinCAT CE7 (ARMV7).ActiveCfg = Release|TwinCAT CE7 (ARMV7)
		{D92EEE0A-632D-4776-B828-73723D37F010}.Release|TwinCAT CE7 (ARMV7).Build.0 = Release|TwinCAT CE7 (ARMV7)
		{D92EEE0A-632D-4776-B828-73723D37F010}.Release|TwinCAT RT (x64).ActiveCfg = Release|TwinCAT RT (x64)
		{D92EEE0A-632D-4776-B828-73723D37F010}.Release|TwinCAT RT (x64).Build.0 = Release|TwinCAT RT (x64)
		{D92EEE0A-632D-4776-B828-73723D37F010}.Release|TwinCAT RT (x86).ActiveCfg = Release|TwinCAT RT (x86)
		{D92EEE0A-632D-4776-B828-73723D37F010}.Release|TwinCAT RT (x86).Build.0 = Release|TwinCAT RT (x86)
		{9FEB6DB3-F93A-4727-A84F-F6F8E3F7A2F4}.Debug|TwinCAT CE7 (ARMV7).ActiveCfg = Debug|TwinCAT CE7 (ARMV7)
		{9FEB6DB3-F93A-4727-A84F-F6F8E3F7A2F4}.Debug|TwinCAT RT (x64).ActiveCfg = Debug|TwinCAT RT (x64)
		{9FEB6DB3-F93A-4727-A84F-F6F8E3F7A2F4}.Debug|TwinCAT RT (x86).ActiveCfg = Debug|TwinCAT RT (x86)
		{9FEB6DB3-F93A-4727-A84F-F6F8E3F7A2F4}.Debug|TwinCAT RT (x86).Build.0 = Debug|TwinCAT RT (x86)
		{9FEB6DB3-F93A-4727-A84F-F6F8E3F7A2F4}.Release|TwinCAT CE7 (ARMV7).ActiveCfg = Release|TwinCAT CE7 (ARMV7)
		{9FEB6DB3-F93A-4727-A84F-F6F8E3F7A2F4}.Release|TwinCAT CE7 (ARMV7).Build.0 = Release|TwinCAT CE7 (ARMV7)
		{9FEB6DB3-F93A-4727-A84F-F6F8E3F7A2F4}.Release|TwinCAT RT (x64).ActiveCfg = Release|TwinCAT RT (x64)
		{9FEB6DB3-F93A-4727-A84F-F6F8E3F7A2F4}.Release|TwinCAT RT (x64).Build.0 = Release|TwinCAT RT (x64)
		{9FEB6DB3-F93A-4727-A84F-F6F8E3F7A2F4}.Release|TwinCAT RT (x86).ActiveCfg = Release|TwinCAT RT (x86)
		{9FEB6DB3-F93A-4727-A84F-F6F8E3F7A2F4}.Release|TwinCAT RT (x86).Build.0 = Release|TwinCAT RT (x86)
		{8B518F56-7253-4479-BDA6-1A00E16ED9C3}.Debug|TwinCAT CE7 (ARMV7).ActiveCfg = Debug|TwinCAT CE7 (ARMV7)
		{8B518F56-7253-4479-BDA6-1A00E16ED9C3}.Debug|TwinCAT CE7 (ARMV7).Build.0 = Debug|TwinCAT CE7 (ARMV7)
		{8B518F56-7253-4479-BDA6-1A00E16ED9C3}.Debug|TwinCAT RT (x64).ActiveCfg = Debug|TwinCAT RT (x64)
		{8B518F56-7253-4479-BDA6-1A00E16ED9C3}.Debug|TwinCAT RT (x64).Build.0 = Debug|TwinCAT RT (x64)
		{8B518F56-7253-4479-BDA6-1A00E16ED9C3}.Debug|TwinCAT RT (x86).ActiveCfg = Debug|TwinCAT RT (x86)
		{8B518F56-7253-4479-BDA6-1A00E16ED9C3}.Debug|TwinCAT RT (x86).Build.0 = Debug|TwinCAT RT (x86)
		{8B518F56-7253-4479-BDA6-1A00E16ED9C3}.Release|TwinCAT CE7 (ARMV7).ActiveCfg = Release|TwinCAT CE7 (ARMV7)
		{8B518F56-7253-4479-BDA6-1A00E16ED9C3}.Release|TwinCAT CE7 (ARMV7).Build.0 = Release|TwinCAT CE7 (ARMV7)
		{8B518F56-7253-4479-BDA6-1A00E16ED9C3}.Release|TwinCAT RT (x64).ActiveCfg = Release|TwinCAT RT (x64)
		{8B518F56-7253-4479-BDA6-1A00E16ED9C3}.Release|TwinCAT RT (x64).Build.0 = Release|TwinCAT RT (x64)
		{8B518F56-7253-4479-BDA6-1A00E16ED9C3}.Release|TwinCAT RT (x86).ActiveCfg = Release|TwinCAT RT (x86)
		{8B518F56-7253-4479-BDA6-1A00E16ED9C3}.Release|TwinCAT RT (x86).Build.0 = Release|TwinCAT RT (x86)
		{631DE151-BC98-4191-BD8E-86CD9C35BBFE}.Debug|TwinCAT CE7 (ARMV7).ActiveCfg = Debug|TwinCAT CE7 (ARMV7)
		{631DE151-BC98-4191-BD8E-86CD9C35BBFE}.Debug|TwinCAT CE7 (ARMV7).Build.0 = Debug|TwinCAT CE7 (ARMV7)
		{631DE151-BC98-4191-BD8E-86CD9C35BBFE}.Debug|TwinCAT RT (x64).ActiveCfg = Debug|TwinCAT RT (x64)
		{631DE151-BC98-4191-BD8E-86CD9C35BBFE}.Debug|TwinCAT RT (x64).Build.0 = Debug|TwinCAT RT (x64)
		{631DE151-BC98-4191-BD8E-86CD9C35BBFE}.Debug|TwinCAT RT (x86).ActiveCfg = Debug|TwinCAT RT (x86)
		{631DE151-BC98-4191-BD8E-86CD9C35BBFE}.Debug|TwinCAT RT (x86).Build.0 = Debug|TwinCAT RT (x86)
		{631DE151-BC98-4191-BD8E-86CD9C35BBFE}.Release|TwinCAT CE7 (ARMV7).ActiveCfg = Release|TwinCAT CE7 (ARMV7)
		{631DE151-BC98-4191-BD8E-86CD9C35BBFE}.Release|TwinCAT CE7 (ARMV7).Build.0 = Release|TwinCAT CE7 (ARMV7)
		{631DE151-BC98-4191-BD8E-86CD9C35BBFE}.Release|TwinCAT RT (x64).ActiveCfg = Release|TwinCAT RT (x64)
		{631DE151-BC98-4191-BD8E-86CD9C35BBFE}.Release|TwinCAT RT (x64).Build.0 = Release|TwinCAT RT (x64)
		{631DE151-BC98-4191-BD8E-86CD9C35BBFE}.Release|TwinCAT RT (x86).ActiveCfg = Release|TwinCAT RT (x86)
		{631DE151-BC98-4191-BD8E-86CD9C35BBFE}.Release|TwinCAT RT (x86).Build.0 = Release|TwinCAT RT (x86)
		{3CA22D6F-3569-478F-8ECD-7CCFDF9AB6C6}.Debug|TwinCAT CE7 (ARMV7).ActiveCfg = Debug|TwinCAT CE7 (ARMV7)
		{3CA22D6F-3569-478F-8ECD-7CCFDF9AB6C6}.Debug|TwinCAT CE7 (ARMV7).Build.0 = Debug|TwinCAT CE7 (ARMV7)
		{3CA22D6F-3569-478F-8ECD-7CCFDF9AB6C6}.Debug|TwinCAT RT (x64).ActiveCfg = Debug|TwinCAT RT (x64)
		{3CA22D6F-3569-478F-8ECD-7CCFDF9AB6C6}.Debug|TwinCAT RT (x86).ActiveCfg = Debug|TwinCAT RT (x86)
		{3CA22D6F-3569-478F-8ECD-7CCFDF9AB6C6}.Debug|TwinCAT RT (x86).Build.0 = Debug|TwinCAT RT (x86)
		{3CA22D6F-3569-478F-8ECD-7CCFDF9AB6C6}.Release|TwinCAT CE7 (ARMV7).ActiveCfg = Release|TwinCAT CE7 (ARMV7)
		{3CA22D6F-3569-478F-8ECD-7CCFDF9AB6C6}.Release|TwinCAT CE7 (ARMV7).Build.0 = Release|TwinCAT CE7 (ARMV7)
		{3CA22D6F-3569-478F-8ECD-7CCFDF9AB6C6}.Release|TwinCAT RT (x64).ActiveCfg = Release|TwinCAT RT (x64)
		{3CA22D6F-3569-478F-8ECD-7CCFDF9AB6C6}.Release|TwinCAT RT (x64).Build.0 = Release|TwinCAT RT (x64)
		{3CA22D6F-3569-478F-8ECD-7CCFDF9AB6C6}.Release|TwinCAT RT (x86).ActiveCfg = Release|TwinCAT RT (x86)
		{3CA22D6F-3569-478F-8ECD-7CCFDF9AB6C6}.Release|TwinCAT RT (x86).Build.0 = Release|TwinCAT RT (x86)
	EndGlobalSection
	GlobalSection(SolutionProperties) = preSolution
		HideSolutionNode = FALSE
	EndGlobalSection
EndGlobal
