
Microsoft Visual Studio Solution File, Format Version 12.00
# Visual Studio 14
VisualStudioVersion = 14.0.24720.0
MinimumVisualStudioVersion = 10.0.40219.1
Project("{B1E792BE-AA5F-4E3C-8C82-674BF9C0715B}") = "tclib_ph", "tclib\tclib_ph.tsproj", "{D302AA27-887C-491F-A43D-C1CADB51748D}"
EndProject
Global
	GlobalSection(SolutionConfigurationPlatforms) = preSolution
		Debug|TwinCAT CE7 (ARMV7) = Debug|TwinCAT CE7 (ARMV7)
		Debug|TwinCAT RT (x64) = Debug|TwinCAT RT (x64)
		Debug|TwinCAT RT (x86) = Debug|TwinCAT RT (x86)
		Release|TwinCAT CE7 (ARMV7) = Release|TwinCAT CE7 (ARMV7)
		Release|TwinCAT RT (x64) = Release|TwinCAT RT (x64)
		Release|TwinCAT RT (x86) = Release|TwinCAT RT (x86)
	EndGlobalSection
	GlobalSection(ProjectConfigurationPlatforms) = postSolution
		{D302AA27-887C-491F-A43D-C1CADB51748D}.Debug|TwinCAT CE7 (ARMV7).ActiveCfg = Debug|TwinCAT CE7 (ARMV7)
		{D302AA27-887C-491F-A43D-C1CADB51748D}.Debug|TwinCAT CE7 (ARMV7).Build.0 = Debug|TwinCAT CE7 (ARMV7)
		{D302AA27-887C-491F-A43D-C1CADB51748D}.Debug|TwinCAT RT (x64).ActiveCfg = Debug|TwinCAT RT (x64)
		{D302AA27-887C-491F-A43D-C1CADB51748D}.Debug|TwinCAT RT (x64).Build.0 = Debug|TwinCAT RT (x64)
		{D302AA27-887C-491F-A43D-C1CADB51748D}.Debug|TwinCAT RT (x86).ActiveCfg = Debug|TwinCAT RT (x86)
		{D302AA27-887C-491F-A43D-C1CADB51748D}.Debug|TwinCAT RT (x86).Build.0 = Debug|TwinCAT RT (x86)
		{D302AA27-887C-491F-A43D-C1CADB51748D}.Release|TwinCAT CE7 (ARMV7).ActiveCfg = Release|TwinCAT CE7 (ARMV7)
		{D302AA27-887C-491F-A43D-C1CADB51748D}.Release|TwinCAT CE7 (ARMV7).Build.0 = Release|TwinCAT CE7 (ARMV7)
		{D302AA27-887C-491F-A43D-C1CADB51748D}.Release|TwinCAT RT (x64).ActiveCfg = Release|TwinCAT RT (x64)
		{D302AA27-887C-491F-A43D-C1CADB51748D}.Release|TwinCAT RT (x64).Build.0 = Release|TwinCAT RT (x64)
		{D302AA27-887C-491F-A43D-C1CADB51748D}.Release|TwinCAT RT (x86).ActiveCfg = Release|TwinCAT RT (x86)
		{D302AA27-887C-491F-A43D-C1CADB51748D}.Release|TwinCAT RT (x86).Build.0 = Release|TwinCAT RT (x86)
		{F284709B-937E-41D2-9246-A210A8E2FFE4}.Debug|TwinCAT CE7 (ARMV7).ActiveCfg = Debug|TwinCAT CE7 (ARMV7)
		{F284709B-937E-41D2-9246-A210A8E2FFE4}.Debug|TwinCAT RT (x64).ActiveCfg = Debug|TwinCAT RT (x64)
		{F284709B-937E-41D2-9246-A210A8E2FFE4}.Debug|TwinCAT RT (x86).ActiveCfg = Debug|TwinCAT RT (x86)
		{F284709B-937E-41D2-9246-A210A8E2FFE4}.Debug|TwinCAT RT (x86).Build.0 = Debug|TwinCAT RT (x86)
		{F284709B-937E-41D2-9246-A210A8E2FFE4}.Release|TwinCAT CE7 (ARMV7).ActiveCfg = Release|TwinCAT CE7 (ARMV7)
		{F284709B-937E-41D2-9246-A210A8E2FFE4}.Release|TwinCAT CE7 (ARMV7).Build.0 = Release|TwinCAT CE7 (ARMV7)
		{F284709B-937E-41D2-9246-A210A8E2FFE4}.Release|TwinCAT RT (x64).ActiveCfg = Release|TwinCAT RT (x64)
		{F284709B-937E-41D2-9246-A210A8E2FFE4}.Release|TwinCAT RT (x64).Build.0 = Release|TwinCAT RT (x64)
		{F284709B-937E-41D2-9246-A210A8E2FFE4}.Release|TwinCAT RT (x86).ActiveCfg = Release|TwinCAT RT (x86)
		{F284709B-937E-41D2-9246-A210A8E2FFE4}.Release|TwinCAT RT (x86).Build.0 = Release|TwinCAT RT (x86)
		{950EED29-440F-4265-ADEF-7CF1198AB0E1}.Debug|TwinCAT CE7 (ARMV7).ActiveCfg = Debug|TwinCAT CE7 (ARMV7)
		{950EED29-440F-4265-ADEF-7CF1198AB0E1}.Debug|TwinCAT RT (x64).ActiveCfg = Debug|TwinCAT RT (x64)
		{950EED29-440F-4265-ADEF-7CF1198AB0E1}.Debug|TwinCAT RT (x86).ActiveCfg = Debug|TwinCAT RT (x86)
		{950EED29-440F-4265-ADEF-7CF1198AB0E1}.Debug|TwinCAT RT (x86).Build.0 = Debug|TwinCAT RT (x86)
		{950EED29-440F-4265-ADEF-7CF1198AB0E1}.Release|TwinCAT CE7 (ARMV7).ActiveCfg = Release|TwinCAT CE7 (ARMV7)
		{950EED29-440F-4265-ADEF-7CF1198AB0E1}.Release|TwinCAT CE7 (ARMV7).Build.0 = Release|TwinCAT CE7 (ARMV7)
		{950EED29-440F-4265-ADEF-7CF1198AB0E1}.Release|TwinCAT RT (x64).ActiveCfg = Release|TwinCAT RT (x64)
		{950EED29-440F-4265-ADEF-7CF1198AB0E1}.Release|TwinCAT RT (x64).Build.0 = Release|TwinCAT RT (x64)
		{950EED29-440F-4265-ADEF-7CF1198AB0E1}.Release|TwinCAT RT (x86).ActiveCfg = Release|TwinCAT RT (x86)
		{950EED29-440F-4265-ADEF-7CF1198AB0E1}.Release|TwinCAT RT (x86).Build.0 = Release|TwinCAT RT (x86)
		{385E05AC-FBB3-4E79-AF80-1E580AC93E1A}.Debug|TwinCAT CE7 (ARMV7).ActiveCfg = Debug|TwinCAT CE7 (ARMV7)
		{385E05AC-FBB3-4E79-AF80-1E580AC93E1A}.Debug|TwinCAT RT (x64).ActiveCfg = Debug|TwinCAT RT (x64)
		{385E05AC-FBB3-4E79-AF80-1E580AC93E1A}.Debug|TwinCAT RT (x86).ActiveCfg = Debug|TwinCAT RT (x86)
		{385E05AC-FBB3-4E79-AF80-1E580AC93E1A}.Debug|TwinCAT RT (x86).Build.0 = Debug|TwinCAT RT (x86)
		{385E05AC-FBB3-4E79-AF80-1E580AC93E1A}.Release|TwinCAT CE7 (ARMV7).ActiveCfg = Release|TwinCAT CE7 (ARMV7)
		{385E05AC-FBB3-4E79-AF80-1E580AC93E1A}.Release|TwinCAT CE7 (ARMV7).Build.0 = Release|TwinCAT CE7 (ARMV7)
		{385E05AC-FBB3-4E79-AF80-1E580AC93E1A}.Release|TwinCAT RT (x64).ActiveCfg = Release|TwinCAT RT (x64)
		{385E05AC-FBB3-4E79-AF80-1E580AC93E1A}.Release|TwinCAT RT (x64).Build.0 = Release|TwinCAT RT (x64)
		{385E05AC-FBB3-4E79-AF80-1E580AC93E1A}.Release|TwinCAT RT (x86).ActiveCfg = Release|TwinCAT RT (x86)
		{385E05AC-FBB3-4E79-AF80-1E580AC93E1A}.Release|TwinCAT RT (x86).Build.0 = Release|TwinCAT RT (x86)
		{DD3873C1-D176-45EA-9F7D-0A59818194B3}.Debug|TwinCAT CE7 (ARMV7).ActiveCfg = Debug|TwinCAT CE7 (ARMV7)
		{DD3873C1-D176-45EA-9F7D-0A59818194B3}.Debug|TwinCAT RT (x64).ActiveCfg = Debug|TwinCAT RT (x64)
		{DD3873C1-D176-45EA-9F7D-0A59818194B3}.Debug|TwinCAT RT (x86).ActiveCfg = Debug|TwinCAT RT (x86)
		{DD3873C1-D176-45EA-9F7D-0A59818194B3}.Debug|TwinCAT RT (x86).Build.0 = Debug|TwinCAT RT (x86)
		{DD3873C1-D176-45EA-9F7D-0A59818194B3}.Release|TwinCAT CE7 (ARMV7).ActiveCfg = Release|TwinCAT CE7 (ARMV7)
		{DD3873C1-D176-45EA-9F7D-0A59818194B3}.Release|TwinCAT CE7 (ARMV7).Build.0 = Release|TwinCAT CE7 (ARMV7)
		{DD3873C1-D176-45EA-9F7D-0A59818194B3}.Release|TwinCAT RT (x64).ActiveCfg = Release|TwinCAT RT (x64)
		{DD3873C1-D176-45EA-9F7D-0A59818194B3}.Release|TwinCAT RT (x64).Build.0 = Release|TwinCAT RT (x64)
		{DD3873C1-D176-45EA-9F7D-0A59818194B3}.Release|TwinCAT RT (x86).ActiveCfg = Release|TwinCAT RT (x86)
		{DD3873C1-D176-45EA-9F7D-0A59818194B3}.Release|TwinCAT RT (x86).Build.0 = Release|TwinCAT RT (x86)
		{9D934AA0-FDAB-4A2B-8861-AE14A27E3686}.Debug|TwinCAT CE7 (ARMV7).ActiveCfg = Debug|TwinCAT CE7 (ARMV7)
		{9D934AA0-FDAB-4A2B-8861-AE14A27E3686}.Debug|TwinCAT CE7 (ARMV7).Build.0 = Debug|TwinCAT CE7 (ARMV7)
		{9D934AA0-FDAB-4A2B-8861-AE14A27E3686}.Debug|TwinCAT RT (x64).ActiveCfg = Debug|TwinCAT RT (x64)
		{9D934AA0-FDAB-4A2B-8861-AE14A27E3686}.Debug|TwinCAT RT (x86).ActiveCfg = Debug|TwinCAT RT (x86)
		{9D934AA0-FDAB-4A2B-8861-AE14A27E3686}.Debug|TwinCAT RT (x86).Build.0 = Debug|TwinCAT RT (x86)
		{9D934AA0-FDAB-4A2B-8861-AE14A27E3686}.Release|TwinCAT CE7 (ARMV7).ActiveCfg = Release|TwinCAT CE7 (ARMV7)
		{9D934AA0-FDAB-4A2B-8861-AE14A27E3686}.Release|TwinCAT CE7 (ARMV7).Build.0 = Release|TwinCAT CE7 (ARMV7)
		{9D934AA0-FDAB-4A2B-8861-AE14A27E3686}.Release|TwinCAT RT (x64).ActiveCfg = Release|TwinCAT RT (x64)
		{9D934AA0-FDAB-4A2B-8861-AE14A27E3686}.Release|TwinCAT RT (x64).Build.0 = Release|TwinCAT RT (x64)
		{9D934AA0-FDAB-4A2B-8861-AE14A27E3686}.Release|TwinCAT RT (x86).ActiveCfg = Release|TwinCAT RT (x86)
		{9D934AA0-FDAB-4A2B-8861-AE14A27E3686}.Release|TwinCAT RT (x86).Build.0 = Release|TwinCAT RT (x86)
		{3CA22D6F-3569-478F-8ECD-7CCFDF9AB6C6}.Debug|TwinCAT CE7 (ARMV7).ActiveCfg = Debug|TwinCAT CE7 (ARMV7)
		{3CA22D6F-3569-478F-8ECD-7CCFDF9AB6C6}.Debug|TwinCAT RT (x64).ActiveCfg = Debug|TwinCAT RT (x64)
		{3CA22D6F-3569-478F-8ECD-7CCFDF9AB6C6}.Debug|TwinCAT RT (x86).ActiveCfg = Debug|TwinCAT RT (x86)
		{3CA22D6F-3569-478F-8ECD-7CCFDF9AB6C6}.Debug|TwinCAT RT (x86).Build.0 = Debug|TwinCAT RT (x86)
		{3CA22D6F-3569-478F-8ECD-7CCFDF9AB6C6}.Release|TwinCAT CE7 (ARMV7).ActiveCfg = Release|TwinCAT CE7 (ARMV7)
		{3CA22D6F-3569-478F-8ECD-7CCFDF9AB6C6}.Release|TwinCAT CE7 (ARMV7).Build.0 = Release|TwinCAT CE7 (ARMV7)
		{3CA22D6F-3569-478F-8ECD-7CCFDF9AB6C6}.Release|TwinCAT RT (x64).ActiveCfg = Release|TwinCAT RT (x64)
		{3CA22D6F-3569-478F-8ECD-7CCFDF9AB6C6}.Release|TwinCAT RT (x64).Build.0 = Release|TwinCAT RT (x64)
		{3CA22D6F-3569-478F-8ECD-7CCFDF9AB6C6}.Release|TwinCAT RT (x86).ActiveCfg = Release|TwinCAT RT (x86)
		{3CA22D6F-3569-478F-8ECD-7CCFDF9AB6C6}.Release|TwinCAT RT (x86).Build.0 = Release|TwinCAT RT (x86)
		{32083033-52D7-43B4-AADE-5DCD8FEA7839}.Debug|TwinCAT CE7 (ARMV7).ActiveCfg = Debug|TwinCAT CE7 (ARMV7)
		{32083033-52D7-43B4-AADE-5DCD8FEA7839}.Debug|TwinCAT CE7 (ARMV7).Build.0 = Debug|TwinCAT CE7 (ARMV7)
		{32083033-52D7-43B4-AADE-5DCD8FEA7839}.Debug|TwinCAT RT (x64).ActiveCfg = Debug|TwinCAT RT (x64)
		{32083033-52D7-43B4-AADE-5DCD8FEA7839}.Debug|TwinCAT RT (x64).Build.0 = Debug|TwinCAT RT (x64)
		{32083033-52D7-43B4-AADE-5DCD8FEA7839}.Debug|TwinCAT RT (x86).ActiveCfg = Debug|TwinCAT RT (x86)
		{32083033-52D7-43B4-AADE-5DCD8FEA7839}.Debug|TwinCAT RT (x86).Build.0 = Debug|TwinCAT RT (x86)
		{32083033-52D7-43B4-AADE-5DCD8FEA7839}.Release|TwinCAT CE7 (ARMV7).ActiveCfg = Release|TwinCAT CE7 (ARMV7)
		{32083033-52D7-43B4-AADE-5DCD8FEA7839}.Release|TwinCAT CE7 (ARMV7).Build.0 = Release|TwinCAT CE7 (ARMV7)
		{32083033-52D7-43B4-AADE-5DCD8FEA7839}.Release|TwinCAT RT (x64).ActiveCfg = Release|TwinCAT RT (x64)
		{32083033-52D7-43B4-AADE-5DCD8FEA7839}.Release|TwinCAT RT (x64).Build.0 = Release|TwinCAT RT (x64)
		{32083033-52D7-43B4-AADE-5DCD8FEA7839}.Release|TwinCAT RT (x86).ActiveCfg = Release|TwinCAT RT (x86)
		{32083033-52D7-43B4-AADE-5DCD8FEA7839}.Release|TwinCAT RT (x86).Build.0 = Release|TwinCAT RT (x86)
		{9FEB6DB3-F93A-4727-A84F-F6F8E3F7A2F4}.Debug|TwinCAT CE7 (ARMV7).ActiveCfg = Debug|TwinCAT CE7 (ARMV7)
		{9FEB6DB3-F93A-4727-A84F-F6F8E3F7A2F4}.Debug|TwinCAT RT (x64).ActiveCfg = Debug|TwinCAT RT (x64)
		{9FEB6DB3-F93A-4727-A84F-F6F8E3F7A2F4}.Debug|TwinCAT RT (x86).ActiveCfg = Debug|TwinCAT RT (x86)
		{9FEB6DB3-F93A-4727-A84F-F6F8E3F7A2F4}.Debug|TwinCAT RT (x86).Build.0 = Debug|TwinCAT RT (x86)
		{9FEB6DB3-F93A-4727-A84F-F6F8E3F7A2F4}.Release|TwinCAT CE7 (ARMV7).ActiveCfg = Release|TwinCAT CE7 (ARMV7)
		{9FEB6DB3-F93A-4727-A84F-F6F8E3F7A2F4}.Release|TwinCAT CE7 (ARMV7).Build.0 = Release|TwinCAT CE7 (ARMV7)
		{9FEB6DB3-F93A-4727-A84F-F6F8E3F7A2F4}.Release|TwinCAT RT (x64).ActiveCfg = Release|TwinCAT RT (x64)
		{9FEB6DB3-F93A-4727-A84F-F6F8E3F7A2F4}.Release|TwinCAT RT (x64).Build.0 = Release|TwinCAT RT (x64)
		{9FEB6DB3-F93A-4727-A84F-F6F8E3F7A2F4}.Release|TwinCAT RT (x86).ActiveCfg = Release|TwinCAT RT (x86)
		{9FEB6DB3-F93A-4727-A84F-F6F8E3F7A2F4}.Release|TwinCAT RT (x86).Build.0 = Release|TwinCAT RT (x86)
		{5B9B6A02-0830-4226-BBDA-A9FE7BDB4FF5}.Debug|TwinCAT CE7 (ARMV7).ActiveCfg = Debug|TwinCAT CE7 (ARMV7)
		{5B9B6A02-0830-4226-BBDA-A9FE7BDB4FF5}.Debug|TwinCAT RT (x64).ActiveCfg = Debug|TwinCAT RT (x64)
		{5B9B6A02-0830-4226-BBDA-A9FE7BDB4FF5}.Debug|TwinCAT RT (x86).ActiveCfg = Debug|TwinCAT RT (x86)
		{5B9B6A02-0830-4226-BBDA-A9FE7BDB4FF5}.Debug|TwinCAT RT (x86).Build.0 = Debug|TwinCAT RT (x86)
		{5B9B6A02-0830-4226-BBDA-A9FE7BDB4FF5}.Release|TwinCAT CE7 (ARMV7).ActiveCfg = Release|TwinCAT CE7 (ARMV7)
		{5B9B6A02-0830-4226-BBDA-A9FE7BDB4FF5}.Release|TwinCAT CE7 (ARMV7).Build.0 = Release|TwinCAT CE7 (ARMV7)
		{5B9B6A02-0830-4226-BBDA-A9FE7BDB4FF5}.Release|TwinCAT RT (x64).ActiveCfg = Release|TwinCAT RT (x64)
		{5B9B6A02-0830-4226-BBDA-A9FE7BDB4FF5}.Release|TwinCAT RT (x64).Build.0 = Release|TwinCAT RT (x64)
		{5B9B6A02-0830-4226-BBDA-A9FE7BDB4FF5}.Release|TwinCAT RT (x86).ActiveCfg = Release|TwinCAT RT (x86)
		{5B9B6A02-0830-4226-BBDA-A9FE7BDB4FF5}.Release|TwinCAT RT (x86).Build.0 = Release|TwinCAT RT (x86)
		{D92EEE0A-632D-4776-B828-73723D37F010}.Debug|TwinCAT CE7 (ARMV7).ActiveCfg = Debug|TwinCAT CE7 (ARMV7)
		{D92EEE0A-632D-4776-B828-73723D37F010}.Debug|TwinCAT RT (x64).ActiveCfg = Debug|TwinCAT RT (x64)
		{D92EEE0A-632D-4776-B828-73723D37F010}.Debug|TwinCAT RT (x86).ActiveCfg = Debug|TwinCAT RT (x86)
		{D92EEE0A-632D-4776-B828-73723D37F010}.Debug|TwinCAT RT (x86).Build.0 = Debug|TwinCAT RT (x86)
		{D92EEE0A-632D-4776-B828-73723D37F010}.Release|TwinCAT CE7 (ARMV7).ActiveCfg = Release|TwinCAT CE7 (ARMV7)
		{D92EEE0A-632D-4776-B828-73723D37F010}.Release|TwinCAT CE7 (ARMV7).Build.0 = Release|TwinCAT CE7 (ARMV7)
		{D92EEE0A-632D-4776-B828-73723D37F010}.Release|TwinCAT RT (x64).ActiveCfg = Release|TwinCAT RT (x64)
		{D92EEE0A-632D-4776-B828-73723D37F010}.Release|TwinCAT RT (x64).Build.0 = Release|TwinCAT RT (x64)
		{D92EEE0A-632D-4776-B828-73723D37F010}.Release|TwinCAT RT (x86).ActiveCfg = Release|TwinCAT RT (x86)
		{D92EEE0A-632D-4776-B828-73723D37F010}.Release|TwinCAT RT (x86).Build.0 = Release|TwinCAT RT (x86)
		{D023EA59-A734-45A0-9713-35E08940A6B8}.Debug|TwinCAT CE7 (ARMV7).ActiveCfg = Debug|TwinCAT CE7 (ARMV7)
		{D023EA59-A734-45A0-9713-35E08940A6B8}.Debug|TwinCAT CE7 (ARMV7).Build.0 = Debug|TwinCAT CE7 (ARMV7)
		{D023EA59-A734-45A0-9713-35E08940A6B8}.Debug|TwinCAT RT (x64).ActiveCfg = Debug|TwinCAT RT (x64)
		{D023EA59-A734-45A0-9713-35E08940A6B8}.Debug|TwinCAT RT (x86).ActiveCfg = Debug|TwinCAT RT (x86)
		{D023EA59-A734-45A0-9713-35E08940A6B8}.Debug|TwinCAT RT (x86).Build.0 = Debug|TwinCAT RT (x86)
		{D023EA59-A734-45A0-9713-35E08940A6B8}.Release|TwinCAT CE7 (ARMV7).ActiveCfg = Release|TwinCAT CE7 (ARMV7)
		{D023EA59-A734-45A0-9713-35E08940A6B8}.Release|TwinCAT CE7 (ARMV7).Build.0 = Release|TwinCAT CE7 (ARMV7)
		{D023EA59-A734-45A0-9713-35E08940A6B8}.Release|TwinCAT RT (x64).ActiveCfg = Release|TwinCAT RT (x64)
		{D023EA59-A734-45A0-9713-35E08940A6B8}.Release|TwinCAT RT (x64).Build.0 = Release|TwinCAT RT (x64)
		{D023EA59-A734-45A0-9713-35E08940A6B8}.Release|TwinCAT RT (x86).ActiveCfg = Release|TwinCAT RT (x86)
		{D023EA59-A734-45A0-9713-35E08940A6B8}.Release|TwinCAT RT (x86).Build.0 = Release|TwinCAT RT (x86)
		{AE20AE6C-1500-42C9-941B-DD15F2CC0ED3}.Debug|TwinCAT CE7 (ARMV7).ActiveCfg = Debug|TwinCAT CE7 (ARMV7)
		{AE20AE6C-1500-42C9-941B-DD15F2CC0ED3}.Debug|TwinCAT RT (x64).ActiveCfg = Debug|TwinCAT RT (x64)
		{AE20AE6C-1500-42C9-941B-DD15F2CC0ED3}.Debug|TwinCAT RT (x86).ActiveCfg = Debug|TwinCAT RT (x86)
		{AE20AE6C-1500-42C9-941B-DD15F2CC0ED3}.Debug|TwinCAT RT (x86).Build.0 = Debug|TwinCAT RT (x86)
		{AE20AE6C-1500-42C9-941B-DD15F2CC0ED3}.Release|TwinCAT CE7 (ARMV7).ActiveCfg = Release|TwinCAT CE7 (ARMV7)
		{AE20AE6C-1500-42C9-941B-DD15F2CC0ED3}.Release|TwinCAT CE7 (ARMV7).Build.0 = Release|TwinCAT CE7 (ARMV7)
		{AE20AE6C-1500-42C9-941B-DD15F2CC0ED3}.Release|TwinCAT RT (x64).ActiveCfg = Release|TwinCAT RT (x64)
		{AE20AE6C-1500-42C9-941B-DD15F2CC0ED3}.Release|TwinCAT RT (x64).Build.0 = Release|TwinCAT RT (x64)
		{AE20AE6C-1500-42C9-941B-DD15F2CC0ED3}.Release|TwinCAT RT (x86).ActiveCfg = Release|TwinCAT RT (x86)
		{AE20AE6C-1500-42C9-941B-DD15F2CC0ED3}.Release|TwinCAT RT (x86).Build.0 = Release|TwinCAT RT (x86)
	EndGlobalSection
	GlobalSection(SolutionProperties) = preSolution
		HideSolutionNode = FALSE
	EndGlobalSection
EndGlobal
